// !$*UTF8*$!
{
	archiveVersion = 1;
	classes = {
	};
	objectVersion = 77;
	objects = {

/* Begin PBXBuildFile section */
		F5B165732E90A77500D0E7D9 /* FirebaseAI in Frameworks */ = {isa = PBXBuildFile; productRef = F5B165722E90A77500D0E7D9 /* FirebaseAI */; };
		F5B165752E90A77500D0E7D9 /* FirebaseAnalytics in Frameworks */ = {isa = PBXBuildFile; productRef = F5B165742E90A77500D0E7D9 /* FirebaseAnalytics */; };
		F5B165772E90A77500D0E7D9 /* FirebaseAuth in Frameworks */ = {isa = PBXBuildFile; productRef = F5B165762E90A77500D0E7D9 /* FirebaseAuth */; };
		F5B165792E90A77500D0E7D9 /* FirebaseCore in Frameworks */ = {isa = PBXBuildFile; productRef = F5B165782E90A77500D0E7D9 /* FirebaseCore */; };
		F5B1657B2E90A77500D0E7D9 /* FirebaseDatabase in Frameworks */ = {isa = PBXBuildFile; productRef = F5B1657A2E90A77500D0E7D9 /* FirebaseDatabase */; };
		F5B1657D2E90A77500D0E7D9 /* FirebaseFirestore in Frameworks */ = {isa = PBXBuildFile; productRef = F5B1657C2E90A77500D0E7D9 /* FirebaseFirestore */; };
		F5B1657F2E90A96200D0E7D9 /* FirebaseAnalyticsCore in Frameworks */ = {isa = PBXBuildFile; productRef = F5B1657E2E90A96200D0E7D9 /* FirebaseAnalyticsCore */; };
		F5B165812E90A96200D0E7D9 /* FirebaseAnalyticsIdentitySupport in Frameworks */ = {isa = PBXBuildFile; productRef = F5B165802E90A96200D0E7D9 /* FirebaseAnalyticsIdentitySupport */; };
		F5B165832E90A96200D0E7D9 /* FirebaseAppCheck in Frameworks */ = {isa = PBXBuildFile; productRef = F5B165822E90A96200D0E7D9 /* FirebaseAppCheck */; };
		F5B165852E90A96200D0E7D9 /* FirebaseAppDistribution-Beta in Frameworks */ = {isa = PBXBuildFile; productRef = F5B165842E90A96200D0E7D9 /* FirebaseAppDistribution-Beta */; };
		F5B165872E90A96200D0E7D9 /* FirebaseAuthCombine-Community in Frameworks */ = {isa = PBXBuildFile; productRef = F5B165862E90A96200D0E7D9 /* FirebaseAuthCombine-Community */; };
		F5B165892E90A96200D0E7D9 /* FirebaseCrashlytics in Frameworks */ = {isa = PBXBuildFile; productRef = F5B165882E90A96200D0E7D9 /* FirebaseCrashlytics */; };
		F5B1658B2E90A96200D0E7D9 /* FirebaseFirestoreCombine-Community in Frameworks */ = {isa = PBXBuildFile; productRef = F5B1658A2E90A96200D0E7D9 /* FirebaseFirestoreCombine-Community */; };
		F5B1658D2E90A96200D0E7D9 /* FirebaseFunctions in Frameworks */ = {isa = PBXBuildFile; productRef = F5B1658C2E90A96200D0E7D9 /* FirebaseFunctions */; };
		F5B1658F2E90A96200D0E7D9 /* FirebaseFunctionsCombine-Community in Frameworks */ = {isa = PBXBuildFile; productRef = F5B1658E2E90A96200D0E7D9 /* FirebaseFunctionsCombine-Community */; };
		F5B165912E90A96200D0E7D9 /* FirebaseInAppMessaging-Beta in Frameworks */ = {isa = PBXBuildFile; productRef = F5B165902E90A96200D0E7D9 /* FirebaseInAppMessaging-Beta */; };
		F5B165932E90A96200D0E7D9 /* FirebaseInstallations in Frameworks */ = {isa = PBXBuildFile; productRef = F5B165922E90A96200D0E7D9 /* FirebaseInstallations */; };
		F5B165952E90A96200D0E7D9 /* FirebaseMLModelDownloader in Frameworks */ = {isa = PBXBuildFile; productRef = F5B165942E90A96200D0E7D9 /* FirebaseMLModelDownloader */; };
		F5B165972E90A96200D0E7D9 /* FirebaseMessaging in Frameworks */ = {isa = PBXBuildFile; productRef = F5B165962E90A96200D0E7D9 /* FirebaseMessaging */; };
		F5B165992E90A96200D0E7D9 /* FirebasePerformance in Frameworks */ = {isa = PBXBuildFile; productRef = F5B165982E90A96200D0E7D9 /* FirebasePerformance */; };
		F5B1659B2E90A96200D0E7D9 /* FirebaseRemoteConfig in Frameworks */ = {isa = PBXBuildFile; productRef = F5B1659A2E90A96200D0E7D9 /* FirebaseRemoteConfig */; };
		F5B1659D2E90A96200D0E7D9 /* FirebaseStorage in Frameworks */ = {isa = PBXBuildFile; productRef = F5B1659C2E90A96200D0E7D9 /* FirebaseStorage */; };
		F5B1659F2E90A96200D0E7D9 /* FirebaseStorageCombine-Community in Frameworks */ = {isa = PBXBuildFile; productRef = F5B1659E2E90A96200D0E7D9 /* FirebaseStorageCombine-Community */; };
		F5B165A12E90A99F00D0E7D9 /* GoogleService-Info.plist in Resources */ = {isa = PBXBuildFile; fileRef = F5B165A02E90A99F00D0E7D9 /* GoogleService-Info.plist */; };
/* End PBXBuildFile section */

/* Begin PBXContainerItemProxy section */
		F54498C52E903DF100FFBE7E /* PBXContainerItemProxy */ = {
			isa = PBXContainerItemProxy;
			containerPortal = F54498AF2E903DF000FFBE7E /* Project object */;
			proxyType = 1;
			remoteGlobalIDString = F54498B62E903DF000FFBE7E;
			remoteInfo = Greenict;
		};
		F54498CF2E903DF100FFBE7E /* PBXContainerItemProxy */ = {
			isa = PBXContainerItemProxy;
			containerPortal = F54498AF2E903DF000FFBE7E /* Project object */;
			proxyType = 1;
			remoteGlobalIDString = F54498B62E903DF000FFBE7E;
			remoteInfo = Greenict;
		};
/* End PBXContainerItemProxy section */

/* Begin PBXFileReference section */
		F54498B72E903DF000FFBE7E /* Greenict.app */ = {isa = PBXFileReference; explicitFileType = wrapper.application; includeInIndex = 0; path = Greenict.app; sourceTree = BUILT_PRODUCTS_DIR; };
		F54498C42E903DF100FFBE7E /* GreenictTests.xctest */ = {isa = PBXFileReference; explicitFileType = wrapper.cfbundle; includeInIndex = 0; path = GreenictTests.xctest; sourceTree = BUILT_PRODUCTS_DIR; };
		F54498CE2E903DF100FFBE7E /* GreenictUITests.xctest */ = {isa = PBXFileReference; explicitFileType = wrapper.cfbundle; includeInIndex = 0; path = GreenictUITests.xctest; sourceTree = BUILT_PRODUCTS_DIR; };
		F5B165A02E90A99F00D0E7D9 /* GoogleService-Info.plist */ = {isa = PBXFileReference; lastKnownFileType = text.plist.xml; path = "GoogleService-Info.plist"; sourceTree = "<group>"; };
/* End PBXFileReference section */

/* Begin PBXFileSystemSynchronizedRootGroup section */
		F54498B92E903DF000FFBE7E /* Greenict */ = {
			isa = PBXFileSystemSynchronizedRootGroup;
			path = Greenict;
			sourceTree = "<group>";
		};
		F54498C72E903DF100FFBE7E /* GreenictTests */ = {
			isa = PBXFileSystemSynchronizedRootGroup;
			path = GreenictTests;
			sourceTree = "<group>";
		};
		F54498D12E903DF100FFBE7E /* GreenictUITests */ = {
			isa = PBXFileSystemSynchronizedRootGroup;
			path = GreenictUITests;
			sourceTree = "<group>";
		};
/* End PBXFileSystemSynchronizedRootGroup section */

/* Begin PBXFrameworksBuildPhase section */
		F54498B42E903DF000FFBE7E /* Frameworks */ = {
			isa = PBXFrameworksBuildPhase;
			buildActionMask = 2147483647;
			files = (
				F5B1658B2E90A96200D0E7D9 /* FirebaseFirestoreCombine-Community in Frameworks */,
				F5B1658D2E90A96200D0E7D9 /* FirebaseFunctions in Frameworks */,
				F5B165992E90A96200D0E7D9 /* FirebasePerformance in Frameworks */,
				F5B1659F2E90A96200D0E7D9 /* FirebaseStorageCombine-Community in Frameworks */,
				F5B1659B2E90A96200D0E7D9 /* FirebaseRemoteConfig in Frameworks */,
				F5B165812E90A96200D0E7D9 /* FirebaseAnalyticsIdentitySupport in Frameworks */,
				F5B1657B2E90A77500D0E7D9 /* FirebaseDatabase in Frameworks */,
				F5B165752E90A77500D0E7D9 /* FirebaseAnalytics in Frameworks */,
				F5B165772E90A77500D0E7D9 /* FirebaseAuth in Frameworks */,
				F5B165792E90A77500D0E7D9 /* FirebaseCore in Frameworks */,
				F5B165732E90A77500D0E7D9 /* FirebaseAI in Frameworks */,
				F5B165972E90A96200D0E7D9 /* FirebaseMessaging in Frameworks */,
				F5B165932E90A96200D0E7D9 /* FirebaseInstallations in Frameworks */,
				F5B1658F2E90A96200D0E7D9 /* FirebaseFunctionsCombine-Community in Frameworks */,
				F5B165872E90A96200D0E7D9 /* FirebaseAuthCombine-Community in Frameworks */,
				F5B1657F2E90A96200D0E7D9 /* FirebaseAnalyticsCore in Frameworks */,
				F5B165912E90A96200D0E7D9 /* FirebaseInAppMessaging-Beta in Frameworks */,
				F5B165852E90A96200D0E7D9 /* FirebaseAppDistribution-Beta in Frameworks */,
				F5B165892E90A96200D0E7D9 /* FirebaseCrashlytics in Frameworks */,
				F5B165952E90A96200D0E7D9 /* FirebaseMLModelDownloader in Frameworks */,
				F5B1659D2E90A96200D0E7D9 /* FirebaseStorage in Frameworks */,
				F5B165832E90A96200D0E7D9 /* FirebaseAppCheck in Frameworks */,
				F5B1657D2E90A77500D0E7D9 /* FirebaseFirestore in Frameworks */,
			);
			runOnlyForDeploymentPostprocessing = 0;
		};
		F54498C12E903DF100FFBE7E /* Frameworks */ = {
			isa = PBXFrameworksBuildPhase;
			buildActionMask = 2147483647;
			files = (
			);
			runOnlyForDeploymentPostprocessing = 0;
		};
		F54498CB2E903DF100FFBE7E /* Frameworks */ = {
			isa = PBXFrameworksBuildPhase;
			buildActionMask = 2147483647;
			files = (
			);
			runOnlyForDeploymentPostprocessing = 0;
		};
/* End PBXFrameworksBuildPhase section */

/* Begin PBXGroup section */
		F54498AE2E903DF000FFBE7E = {
			isa = PBXGroup;
			children = (
				F54498B92E903DF000FFBE7E /* Greenict */,
				F54498C72E903DF100FFBE7E /* GreenictTests */,
				F54498D12E903DF100FFBE7E /* GreenictUITests */,
				F54498B82E903DF000FFBE7E /* Products */,
				F5B165A02E90A99F00D0E7D9 /* GoogleService-Info.plist */,
			);
			sourceTree = "<group>";
		};
		F54498B82E903DF000FFBE7E /* Products */ = {
			isa = PBXGroup;
			children = (
				F54498B72E903DF000FFBE7E /* Greenict.app */,
				F54498C42E903DF100FFBE7E /* GreenictTests.xctest */,
				F54498CE2E903DF100FFBE7E /* GreenictUITests.xctest */,
			);
			name = Products;
			sourceTree = "<group>";
		};
/* End PBXGroup section */

/* Begin PBXNativeTarget section */
		F54498B62E903DF000FFBE7E /* Greenict */ = {
			isa = PBXNativeTarget;
			buildConfigurationList = F54498D82E903DF100FFBE7E /* Build configuration list for PBXNativeTarget "Greenict" */;
			buildPhases = (
				F54498B32E903DF000FFBE7E /* Sources */,
				F54498B42E903DF000FFBE7E /* Frameworks */,
				F54498B52E903DF000FFBE7E /* Resources */,
			);
			buildRules = (
			);
			dependencies = (
			);
			fileSystemSynchronizedGroups = (
				F54498B92E903DF000FFBE7E /* Greenict */,
			);
			name = Greenict;
			packageProductDependencies = (
				F5B165722E90A77500D0E7D9 /* FirebaseAI */,
				F5B165742E90A77500D0E7D9 /* FirebaseAnalytics */,
				F5B165762E90A77500D0E7D9 /* FirebaseAuth */,
				F5B165782E90A77500D0E7D9 /* FirebaseCore */,
				F5B1657A2E90A77500D0E7D9 /* FirebaseDatabase */,
				F5B1657C2E90A77500D0E7D9 /* FirebaseFirestore */,
				F5B1657E2E90A96200D0E7D9 /* FirebaseAnalyticsCore */,
				F5B165802E90A96200D0E7D9 /* FirebaseAnalyticsIdentitySupport */,
				F5B165822E90A96200D0E7D9 /* FirebaseAppCheck */,
				F5B165842E90A96200D0E7D9 /* FirebaseAppDistribution-Beta */,
				F5B165862E90A96200D0E7D9 /* FirebaseAuthCombine-Community */,
				F5B165882E90A96200D0E7D9 /* FirebaseCrashlytics */,
				F5B1658A2E90A96200D0E7D9 /* FirebaseFirestoreCombine-Community */,
				F5B1658C2E90A96200D0E7D9 /* FirebaseFunctions */,
				F5B1658E2E90A96200D0E7D9 /* FirebaseFunctionsCombine-Community */,
				F5B165902E90A96200D0E7D9 /* FirebaseInAppMessaging-Beta */,
				F5B165922E90A96200D0E7D9 /* FirebaseInstallations */,
				F5B165942E90A96200D0E7D9 /* FirebaseMLModelDownloader */,
				F5B165962E90A96200D0E7D9 /* FirebaseMessaging */,
				F5B165982E90A96200D0E7D9 /* FirebasePerformance */,
				F5B1659A2E90A96200D0E7D9 /* FirebaseRemoteConfig */,
				F5B1659C2E90A96200D0E7D9 /* FirebaseStorage */,
				F5B1659E2E90A96200D0E7D9 /* FirebaseStorageCombine-Community */,
			);
			productName = Greenict;
			productReference = F54498B72E903DF000FFBE7E /* Greenict.app */;
			productType = "com.apple.product-type.application";
		};
		F54498C32E903DF100FFBE7E /* GreenictTests */ = {
			isa = PBXNativeTarget;
			buildConfigurationList = F54498DB2E903DF100FFBE7E /* Build configuration list for PBXNativeTarget "GreenictTests" */;
			buildPhases = (
				F54498C02E903DF100FFBE7E /* Sources */,
				F54498C12E903DF100FFBE7E /* Frameworks */,
				F54498C22E903DF100FFBE7E /* Resources */,
			);
			buildRules = (
			);
			dependencies = (
				F54498C62E903DF100FFBE7E /* PBXTargetDependency */,
			);
			fileSystemSynchronizedGroups = (
				F54498C72E903DF100FFBE7E /* GreenictTests */,
			);
			name = GreenictTests;
			packageProductDependencies = (
			);
			productName = GreenictTests;
			productReference = F54498C42E903DF100FFBE7E /* GreenictTests.xctest */;
			productType = "com.apple.product-type.bundle.unit-test";
		};
		F54498CD2E903DF100FFBE7E /* GreenictUITests */ = {
			isa = PBXNativeTarget;
			buildConfigurationList = F54498DE2E903DF100FFBE7E /* Build configuration list for PBXNativeTarget "GreenictUITests" */;
			buildPhases = (
				F54498CA2E903DF100FFBE7E /* Sources */,
				F54498CB2E903DF100FFBE7E /* Frameworks */,
				F54498CC2E903DF100FFBE7E /* Resources */,
			);
			buildRules = (
			);
			dependencies = (
				F54498D02E903DF100FFBE7E /* PBXTargetDependency */,
			);
			fileSystemSynchronizedGroups = (
				F54498D12E903DF100FFBE7E /* GreenictUITests */,
			);
			name = GreenictUITests;
			packageProductDependencies = (
			);
			productName = GreenictUITests;
			productReference = F54498CE2E903DF100FFBE7E /* GreenictUITests.xctest */;
			productType = "com.apple.product-type.bundle.ui-testing";
		};
/* End PBXNativeTarget section */

/* Begin PBXProject section */
		F54498AF2E903DF000FFBE7E /* Project object */ = {
			isa = PBXProject;
			attributes = {
				BuildIndependentTargetsInParallel = 1;
				LastSwiftUpdateCheck = 2600;
				LastUpgradeCheck = 2600;
				TargetAttributes = {
					F54498B62E903DF000FFBE7E = {
						CreatedOnToolsVersion = 26.0.1;
					};
					F54498C32E903DF100FFBE7E = {
						CreatedOnToolsVersion = 26.0.1;
						TestTargetID = F54498B62E903DF000FFBE7E;
					};
					F54498CD2E903DF100FFBE7E = {
						CreatedOnToolsVersion = 26.0.1;
						TestTargetID = F54498B62E903DF000FFBE7E;
					};
				};
			};
			buildConfigurationList = F54498B22E903DF000FFBE7E /* Build configuration list for PBXProject "Greenict" */;
			developmentRegion = en;
			hasScannedForEncodings = 0;
			knownRegions = (
				en,
				Base,
			);
			mainGroup = F54498AE2E903DF000FFBE7E;
			minimizedProjectReferenceProxies = 1;
			packageReferences = (
				F5B165592E907C3700D0E7D9 /* XCRemoteSwiftPackageReference "firebase-ios-sdk" */,
			);
			preferredProjectObjectVersion = 77;
			productRefGroup = F54498B82E903DF000FFBE7E /* Products */;
			projectDirPath = "";
			projectRoot = "";
			targets = (
				F54498B62E903DF000FFBE7E /* Greenict */,
				F54498C32E903DF100FFBE7E /* GreenictTests */,
				F54498CD2E903DF100FFBE7E /* GreenictUITests */,
			);
		};
/* End PBXProject section */

/* Begin PBXResourcesBuildPhase section */
		F54498B52E903DF000FFBE7E /* Resources */ = {
			isa = PBXResourcesBuildPhase;
			buildActionMask = 2147483647;
			files = (
				F5B165A12E90A99F00D0E7D9 /* GoogleService-Info.plist in Resources */,
			);
			runOnlyForDeploymentPostprocessing = 0;
		};
		F54498C22E903DF100FFBE7E /* Resources */ = {
			isa = PBXResourcesBuildPhase;
			buildActionMask = 2147483647;
			files = (
			);
			runOnlyForDeploymentPostprocessing = 0;
		};
		F54498CC2E903DF100FFBE7E /* Resources */ = {
			isa = PBXResourcesBuildPhase;
			buildActionMask = 2147483647;
			files = (
			);
			runOnlyForDeploymentPostprocessing = 0;
		};
/* End PBXResourcesBuildPhase section */

/* Begin PBXSourcesBuildPhase section */
		F54498B32E903DF000FFBE7E /* Sources */ = {
			isa = PBXSourcesBuildPhase;
			buildActionMask = 2147483647;
			files = (
			);
			runOnlyForDeploymentPostprocessing = 0;
		};
		F54498C02E903DF100FFBE7E /* Sources */ = {
			isa = PBXSourcesBuildPhase;
			buildActionMask = 2147483647;
			files = (
			);
			runOnlyForDeploymentPostprocessing = 0;
		};
		F54498CA2E903DF100FFBE7E /* Sources */ = {
			isa = PBXSourcesBuildPhase;
			buildActionMask = 2147483647;
			files = (
			);
			runOnlyForDeploymentPostprocessing = 0;
		};
/* End PBXSourcesBuildPhase section */

/* Begin PBXTargetDependency section */
		F54498C62E903DF100FFBE7E /* PBXTargetDependency */ = {
			isa = PBXTargetDependency;
			target = F54498B62E903DF000FFBE7E /* Greenict */;
			targetProxy = F54498C52E903DF100FFBE7E /* PBXContainerItemProxy */;
		};
		F54498D02E903DF100FFBE7E /* PBXTargetDependency */ = {
			isa = PBXTargetDependency;
			target = F54498B62E903DF000FFBE7E /* Greenict */;
			targetProxy = F54498CF2E903DF100FFBE7E /* PBXContainerItemProxy */;
		};
/* End PBXTargetDependency section */

/* Begin XCBuildConfiguration section */
		F54498D62E903DF100FFBE7E /* Debug */ = {
			isa = XCBuildConfiguration;
			buildSettings = {
				ALWAYS_SEARCH_USER_PATHS = NO;
				ASSETCATALOG_COMPILER_GENERATE_SWIFT_ASSET_SYMBOL_EXTENSIONS = YES;
				CLANG_ANALYZER_NONNULL = YES;
				CLANG_ANALYZER_NUMBER_OBJECT_CONVERSION = YES_AGGRESSIVE;
				CLANG_CXX_LANGUAGE_STANDARD = "gnu++20";
				CLANG_ENABLE_MODULES = YES;
				CLANG_ENABLE_OBJC_ARC = YES;
				CLANG_ENABLE_OBJC_WEAK = YES;
				CLANG_WARN_BLOCK_CAPTURE_AUTORELEASING = YES;
				CLANG_WARN_BOOL_CONVERSION = YES;
				CLANG_WARN_COMMA = YES;
				CLANG_WARN_CONSTANT_CONVERSION = YES;
				CLANG_WARN_DEPRECATED_OBJC_IMPLEMENTATIONS = YES;
				CLANG_WARN_DIRECT_OBJC_ISA_USAGE = YES_ERROR;
				CLANG_WARN_DOCUMENTATION_COMMENTS = YES;
				CLANG_WARN_EMPTY_BODY = YES;
				CLANG_WARN_ENUM_CONVERSION = YES;
				CLANG_WARN_INFINITE_RECURSION = YES;
				CLANG_WARN_INT_CONVERSION = YES;
				CLANG_WARN_NON_LITERAL_NULL_CONVERSION = YES;
				CLANG_WARN_OBJC_IMPLICIT_RETAIN_SELF = YES;
				CLANG_WARN_OBJC_LITERAL_CONVERSION = YES;
				CLANG_WARN_OBJC_ROOT_CLASS = YES_ERROR;
				CLANG_WARN_QUOTED_INCLUDE_IN_FRAMEWORK_HEADER = YES;
				CLANG_WARN_RANGE_LOOP_ANALYSIS = YES;
				CLANG_WARN_STRICT_PROTOTYPES = YES;
				CLANG_WARN_SUSPICIOUS_MOVE = YES;
				CLANG_WARN_UNGUARDED_AVAILABILITY = YES_AGGRESSIVE;
				CLANG_WARN_UNREACHABLE_CODE = YES;
				CLANG_WARN__DUPLICATE_METHOD_MATCH = YES;
				COPY_PHASE_STRIP = NO;
				DEBUG_INFORMATION_FORMAT = dwarf;
				ENABLE_STRICT_OBJC_MSGSEND = YES;
				ENABLE_TESTABILITY = YES;
				ENABLE_USER_SCRIPT_SANDBOXING = YES;
				GCC_C_LANGUAGE_STANDARD = gnu17;
				GCC_DYNAMIC_NO_PIC = NO;
				GCC_NO_COMMON_BLOCKS = YES;
				GCC_OPTIMIZATION_LEVEL = 0;
				GCC_PREPROCESSOR_DEFINITIONS = (
					"DEBUG=1",
					"$(inherited)",
				);
				GCC_WARN_64_TO_32_BIT_CONVERSION = YES;
				GCC_WARN_ABOUT_RETURN_TYPE = YES_ERROR;
				GCC_WARN_UNDECLARED_SELECTOR = YES;
				GCC_WARN_UNINITIALIZED_AUTOS = YES_AGGRESSIVE;
				GCC_WARN_UNUSED_FUNCTION = YES;
				GCC_WARN_UNUSED_VARIABLE = YES;
				LOCALIZATION_PREFERS_STRING_CATALOGS = YES;
				MTL_ENABLE_DEBUG_INFO = INCLUDE_SOURCE;
				MTL_FAST_MATH = YES;
				ONLY_ACTIVE_ARCH = YES;
				SWIFT_ACTIVE_COMPILATION_CONDITIONS = "DEBUG $(inherited)";
				SWIFT_OPTIMIZATION_LEVEL = "-Onone";
			};
			name = Debug;
		};
		F54498D72E903DF100FFBE7E /* Release */ = {
			isa = XCBuildConfiguration;
			buildSettings = {
				ALWAYS_SEARCH_USER_PATHS = NO;
				ASSETCATALOG_COMPILER_GENERATE_SWIFT_ASSET_SYMBOL_EXTENSIONS = YES;
				CLANG_ANALYZER_NONNULL = YES;
				CLANG_ANALYZER_NUMBER_OBJECT_CONVERSION = YES_AGGRESSIVE;
				CLANG_CXX_LANGUAGE_STANDARD = "gnu++20";
				CLANG_ENABLE_MODULES = YES;
				CLANG_ENABLE_OBJC_ARC = YES;
				CLANG_ENABLE_OBJC_WEAK = YES;
				CLANG_WARN_BLOCK_CAPTURE_AUTORELEASING = YES;
				CLANG_WARN_BOOL_CONVERSION = YES;
				CLANG_WARN_COMMA = YES;
				CLANG_WARN_CONSTANT_CONVERSION = YES;
				CLANG_WARN_DEPRECATED_OBJC_IMPLEMENTATIONS = YES;
				CLANG_WARN_DIRECT_OBJC_ISA_USAGE = YES_ERROR;
				CLANG_WARN_DOCUMENTATION_COMMENTS = YES;
				CLANG_WARN_EMPTY_BODY = YES;
				CLANG_WARN_ENUM_CONVERSION = YES;
				CLANG_WARN_INFINITE_RECURSION = YES;
				CLANG_WARN_INT_CONVERSION = YES;
				CLANG_WARN_NON_LITERAL_NULL_CONVERSION = YES;
				CLANG_WARN_OBJC_IMPLICIT_RETAIN_SELF = YES;
				CLANG_WARN_OBJC_LITERAL_CONVERSION = YES;
				CLANG_WARN_OBJC_ROOT_CLASS = YES_ERROR;
				CLANG_WARN_QUOTED_INCLUDE_IN_FRAMEWORK_HEADER = YES;
				CLANG_WARN_RANGE_LOOP_ANALYSIS = YES;
				CLANG_WARN_STRICT_PROTOTYPES = YES;
				CLANG_WARN_SUSPICIOUS_MOVE = YES;
				CLANG_WARN_UNGUARDED_AVAILABILITY = YES_AGGRESSIVE;
				CLANG_WARN_UNREACHABLE_CODE = YES;
				CLANG_WARN__DUPLICATE_METHOD_MATCH = YES;
				COPY_PHASE_STRIP = NO;
				DEBUG_INFORMATION_FORMAT = "dwarf-with-dsym";
				ENABLE_NS_ASSERTIONS = NO;
				ENABLE_STRICT_OBJC_MSGSEND = YES;
				ENABLE_USER_SCRIPT_SANDBOXING = YES;
				GCC_C_LANGUAGE_STANDARD = gnu17;
				GCC_NO_COMMON_BLOCKS = YES;
				GCC_WARN_64_TO_32_BIT_CONVERSION = YES;
				GCC_WARN_ABOUT_RETURN_TYPE = YES_ERROR;
				GCC_WARN_UNDECLARED_SELECTOR = YES;
				GCC_WARN_UNINITIALIZED_AUTOS = YES_AGGRESSIVE;
				GCC_WARN_UNUSED_FUNCTION = YES;
				GCC_WARN_UNUSED_VARIABLE = YES;
				LOCALIZATION_PREFERS_STRING_CATALOGS = YES;
				MTL_ENABLE_DEBUG_INFO = NO;
				MTL_FAST_MATH = YES;
				SWIFT_COMPILATION_MODE = wholemodule;
			};
			name = Release;
		};
		F54498D92E903DF100FFBE7E /* Debug */ = {
			isa = XCBuildConfiguration;
			buildSettings = {
				ASSETCATALOG_COMPILER_APPICON_NAME = AppIcon;
				ASSETCATALOG_COMPILER_GLOBAL_ACCENT_COLOR_NAME = AccentColor;
				CODE_SIGN_STYLE = Automatic;
				CURRENT_PROJECT_VERSION = 1;
				ENABLE_APP_SANDBOX = YES;
				ENABLE_PREVIEWS = YES;
				ENABLE_USER_SELECTED_FILES = readonly;
				GENERATE_INFOPLIST_FILE = YES;
				"INFOPLIST_KEY_UIApplicationSceneManifest_Generation[sdk=iphoneos*]" = YES;
				"INFOPLIST_KEY_UIApplicationSceneManifest_Generation[sdk=iphonesimulator*]" = YES;
				"INFOPLIST_KEY_UIApplicationSupportsIndirectInputEvents[sdk=iphoneos*]" = YES;
				"INFOPLIST_KEY_UIApplicationSupportsIndirectInputEvents[sdk=iphonesimulator*]" = YES;
				"INFOPLIST_KEY_UILaunchScreen_Generation[sdk=iphoneos*]" = YES;
				"INFOPLIST_KEY_UILaunchScreen_Generation[sdk=iphonesimulator*]" = YES;
				"INFOPLIST_KEY_UIStatusBarStyle[sdk=iphoneos*]" = UIStatusBarStyleDefault;
				"INFOPLIST_KEY_UIStatusBarStyle[sdk=iphonesimulator*]" = UIStatusBarStyleDefault;
				INFOPLIST_KEY_UISupportedInterfaceOrientations_iPad = "UIInterfaceOrientationPortrait UIInterfaceOrientationPortraitUpsideDown UIInterfaceOrientationLandscapeLeft UIInterfaceOrientationLandscapeRight";
				INFOPLIST_KEY_UISupportedInterfaceOrientations_iPhone = "UIInterfaceOrientationPortrait UIInterfaceOrientationLandscapeLeft UIInterfaceOrientationLandscapeRight";
				IPHONEOS_DEPLOYMENT_TARGET = 26.0;
				LD_RUNPATH_SEARCH_PATHS = "@executable_path/Frameworks";
				"LD_RUNPATH_SEARCH_PATHS[sdk=macosx*]" = "@executable_path/../Frameworks";
				MACOSX_DEPLOYMENT_TARGET = 26.0;
				MARKETING_VERSION = 1.0;
				PRODUCT_BUNDLE_IDENTIFIER = "Sawaya-Holding.Inc.Greenict";
				PRODUCT_NAME = "$(TARGET_NAME)";
				REGISTER_APP_GROUPS = YES;
				SDKROOT = auto;
				STRING_CATALOG_GENERATE_SYMBOLS = YES;
				SUPPORTED_PLATFORMS = "iphoneos iphonesimulator macosx xros xrsimulator";
				SWIFT_APPROACHABLE_CONCURRENCY = YES;
				SWIFT_DEFAULT_ACTOR_ISOLATION = MainActor;
				SWIFT_EMIT_LOC_STRINGS = YES;
				SWIFT_UPCOMING_FEATURE_MEMBER_IMPORT_VISIBILITY = YES;
				SWIFT_VERSION = 5.0;
				TARGETED_DEVICE_FAMILY = "1,2,7";
				XROS_DEPLOYMENT_TARGET = 26.0;
			};
			name = Debug;
		};
		F54498DA2E903DF100FFBE7E /* Release */ = {
			isa = XCBuildConfiguration;
			buildSettings = {
				ASSETCATALOG_COMPILER_APPICON_NAME = AppIcon;
				ASSETCATALOG_COMPILER_GLOBAL_ACCENT_COLOR_NAME = AccentColor;
				CODE_SIGN_STYLE = Automatic;
				CURRENT_PROJECT_VERSION = 1;
				ENABLE_APP_SANDBOX = YES;
				ENABLE_PREVIEWS = YES;
				ENABLE_USER_SELECTED_FILES = readonly;
				GENERATE_INFOPLIST_FILE = YES;
				"INFOPLIST_KEY_UIApplicationSceneManifest_Generation[sdk=iphoneos*]" = YES;
				"INFOPLIST_KEY_UIApplicationSceneManifest_Generation[sdk=iphonesimulator*]" = YES;
				"INFOPLIST_KEY_UIApplicationSupportsIndirectInputEvents[sdk=iphoneos*]" = YES;
				"INFOPLIST_KEY_UIApplicationSupportsIndirectInputEvents[sdk=iphonesimulator*]" = YES;
				"INFOPLIST_KEY_UILaunchScreen_Generation[sdk=iphoneos*]" = YES;
				"INFOPLIST_KEY_UILaunchScreen_Generation[sdk=iphonesimulator*]" = YES;
				"INFOPLIST_KEY_UIStatusBarStyle[sdk=iphoneos*]" = UIStatusBarStyleDefault;
				"INFOPLIST_KEY_UIStatusBarStyle[sdk=iphonesimulator*]" = UIStatusBarStyleDefault;
				INFOPLIST_KEY_UISupportedInterfaceOrientations_iPad = "UIInterfaceOrientationPortrait UIInterfaceOrientationPortraitUpsideDown UIInterfaceOrientationLandscapeLeft UIInterfaceOrientationLandscapeRight";
				INFOPLIST_KEY_UISupportedInterfaceOrientations_iPhone = "UIInterfaceOrientationPortrait UIInterfaceOrientationLandscapeLeft UIInterfaceOrientationLandscapeRight";
				IPHONEOS_DEPLOYMENT_TARGET = 26.0;
				LD_RUNPATH_SEARCH_PATHS = "@executable_path/Frameworks";
				"LD_RUNPATH_SEARCH_PATHS[sdk=macosx*]" = "@executable_path/../Frameworks";
				MACOSX_DEPLOYMENT_TARGET = 26.0;
				MARKETING_VERSION = 1.0;
				PRODUCT_BUNDLE_IDENTIFIER = "Sawaya-Holding.Inc.Greenict";
				PRODUCT_NAME = "$(TARGET_NAME)";
				REGISTER_APP_GROUPS = YES;
				SDKROOT = auto;
				STRING_CATALOG_GENERATE_SYMBOLS = YES;
				SUPPORTED_PLATFORMS = "iphoneos iphonesimulator macosx xros xrsimulator";
				SWIFT_APPROACHABLE_CONCURRENCY = YES;
				SWIFT_DEFAULT_ACTOR_ISOLATION = MainActor;
				SWIFT_EMIT_LOC_STRINGS = YES;
				SWIFT_UPCOMING_FEATURE_MEMBER_IMPORT_VISIBILITY = YES;
				SWIFT_VERSION = 5.0;
				TARGETED_DEVICE_FAMILY = "1,2,7";
				XROS_DEPLOYMENT_TARGET = 26.0;
			};
			name = Release;
		};
		F54498DC2E903DF100FFBE7E /* Debug */ = {
			isa = XCBuildConfiguration;
			buildSettings = {
				BUNDLE_LOADER = "$(TEST_HOST)";
				CODE_SIGN_STYLE = Automatic;
				CURRENT_PROJECT_VERSION = 1;
				GENERATE_INFOPLIST_FILE = YES;
				IPHONEOS_DEPLOYMENT_TARGET = 26.0;
				MACOSX_DEPLOYMENT_TARGET = 26.0;
				MARKETING_VERSION = 1.0;
				PRODUCT_BUNDLE_IDENTIFIER = "Sawaya-Holding.Inc.GreenictTests";
				PRODUCT_NAME = "$(TARGET_NAME)";
				SDKROOT = auto;
				STRING_CATALOG_GENERATE_SYMBOLS = NO;
				SUPPORTED_PLATFORMS = "iphoneos iphonesimulator macosx xros xrsimulator";
				SWIFT_APPROACHABLE_CONCURRENCY = YES;
				SWIFT_EMIT_LOC_STRINGS = NO;
				SWIFT_UPCOMING_FEATURE_MEMBER_IMPORT_VISIBILITY = YES;
				SWIFT_VERSION = 5.0;
				TARGETED_DEVICE_FAMILY = "1,2,7";
				TEST_HOST = "$(BUILT_PRODUCTS_DIR)/Greenict.app/$(BUNDLE_EXECUTABLE_FOLDER_PATH)/Greenict";
				XROS_DEPLOYMENT_TARGET = 26.0;
			};
			name = Debug;
		};
		F54498DD2E903DF100FFBE7E /* Release */ = {
			isa = XCBuildConfiguration;
			buildSettings = {
				BUNDLE_LOADER = "$(TEST_HOST)";
				CODE_SIGN_STYLE = Automatic;
				CURRENT_PROJECT_VERSION = 1;
				GENERATE_INFOPLIST_FILE = YES;
				IPHONEOS_DEPLOYMENT_TARGET = 26.0;
				MACOSX_DEPLOYMENT_TARGET = 26.0;
				MARKETING_VERSION = 1.0;
				PRODUCT_BUNDLE_IDENTIFIER = "Sawaya-Holding.Inc.GreenictTests";
				PRODUCT_NAME = "$(TARGET_NAME)";
				SDKROOT = auto;
				STRING_CATALOG_GENERATE_SYMBOLS = NO;
				SUPPORTED_PLATFORMS = "iphoneos iphonesimulator macosx xros xrsimulator";
				SWIFT_APPROACHABLE_CONCURRENCY = YES;
				SWIFT_EMIT_LOC_STRINGS = NO;
				SWIFT_UPCOMING_FEATURE_MEMBER_IMPORT_VISIBILITY = YES;
				SWIFT_VERSION = 5.0;
				TARGETED_DEVICE_FAMILY = "1,2,7";
				TEST_HOST = "$(BUILT_PRODUCTS_DIR)/Greenict.app/$(BUNDLE_EXECUTABLE_FOLDER_PATH)/Greenict";
				XROS_DEPLOYMENT_TARGET = 26.0;
			};
			name = Release;
		};
		F54498DF2E903DF100FFBE7E /* Debug */ = {
			isa = XCBuildConfiguration;
			buildSettings = {
				CODE_SIGN_STYLE = Automatic;
				CURRENT_PROJECT_VERSION = 1;
				GENERATE_INFOPLIST_FILE = YES;
				IPHONEOS_DEPLOYMENT_TARGET = 26.0;
				MACOSX_DEPLOYMENT_TARGET = 26.0;
				MARKETING_VERSION = 1.0;
				PRODUCT_BUNDLE_IDENTIFIER = "Sawaya-Holding.Inc.GreenictUITests";
				PRODUCT_NAME = "$(TARGET_NAME)";
				SDKROOT = auto;
				STRING_CATALOG_GENERATE_SYMBOLS = NO;
				SUPPORTED_PLATFORMS = "iphoneos iphonesimulator macosx xros xrsimulator";
				SWIFT_APPROACHABLE_CONCURRENCY = YES;
				SWIFT_EMIT_LOC_STRINGS = NO;
				SWIFT_UPCOMING_FEATURE_MEMBER_IMPORT_VISIBILITY = YES;
				SWIFT_VERSION = 5.0;
				TARGETED_DEVICE_FAMILY = "1,2,7";
				TEST_TARGET_NAME = Greenict;
				XROS_DEPLOYMENT_TARGET = 26.0;
			};
			name = Debug;
		};
		F54498E02E903DF100FFBE7E /* Release */ = {
			isa = XCBuildConfiguration;
			buildSettings = {
				CODE_SIGN_STYLE = Automatic;
				CURRENT_PROJECT_VERSION = 1;
				GENERATE_INFOPLIST_FILE = YES;
				IPHONEOS_DEPLOYMENT_TARGET = 26.0;
				MACOSX_DEPLOYMENT_TARGET = 26.0;
				MARKETING_VERSION = 1.0;
				PRODUCT_BUNDLE_IDENTIFIER = "Sawaya-Holding.Inc.GreenictUITests";
				PRODUCT_NAME = "$(TARGET_NAME)";
				SDKROOT = auto;
				STRING_CATALOG_GENERATE_SYMBOLS = NO;
				SUPPORTED_PLATFORMS = "iphoneos iphonesimulator macosx xros xrsimulator";
				SWIFT_APPROACHABLE_CONCURRENCY = YES;
				SWIFT_EMIT_LOC_STRINGS = NO;
				SWIFT_UPCOMING_FEATURE_MEMBER_IMPORT_VISIBILITY = YES;
				SWIFT_VERSION = 5.0;
				TARGETED_DEVICE_FAMILY = "1,2,7";
				TEST_TARGET_NAME = Greenict;
				XROS_DEPLOYMENT_TARGET = 26.0;
			};
			name = Release;
		};
/* End XCBuildConfiguration section */

/* Begin XCConfigurationList section */
		F54498B22E903DF000FFBE7E /* Build configuration list for PBXProject "Greenict" */ = {
			isa = XCConfigurationList;
			buildConfigurations = (
				F54498D62E903DF100FFBE7E /* Debug */,
				F54498D72E903DF100FFBE7E /* Release */,
			);
			defaultConfigurationIsVisible = 0;
			defaultConfigurationName = Release;
		};
		F54498D82E903DF100FFBE7E /* Build configuration list for PBXNativeTarget "Greenict" */ = {
			isa = XCConfigurationList;
			buildConfigurations = (
				F54498D92E903DF100FFBE7E /* Debug */,
				F54498DA2E903DF100FFBE7E /* Release */,
			);
			defaultConfigurationIsVisible = 0;
			defaultConfigurationName = Release;
		};
		F54498DB2E903DF100FFBE7E /* Build configuration list for PBXNativeTarget "GreenictTests" */ = {
			isa = XCConfigurationList;
			buildConfigurations = (
				F54498DC2E903DF100FFBE7E /* Debug */,
				F54498DD2E903DF100FFBE7E /* Release */,
			);
			defaultConfigurationIsVisible = 0;
			defaultConfigurationName = Release;
		};
		F54498DE2E903DF100FFBE7E /* Build configuration list for PBXNativeTarget "GreenictUITests" */ = {
			isa = XCConfigurationList;
			buildConfigurations = (
				F54498DF2E903DF100FFBE7E /* Debug */,
				F54498E02E903DF100FFBE7E /* Release */,
			);
			defaultConfigurationIsVisible = 0;
			defaultConfigurationName = Release;
		};
/* End XCConfigurationList section */

/* Begin XCRemoteSwiftPackageReference section */
		F5B165592E907C3700D0E7D9 /* XCRemoteSwiftPackageReference "firebase-ios-sdk" */ = {
			isa = XCRemoteSwiftPackageReference;
			repositoryURL = "https://github.com/firebase/firebase-ios-sdk";
			requirement = {
				kind = upToNextMajorVersion;
				minimumVersion = 12.3.0;
			};
		};
/* End XCRemoteSwiftPackageReference section */

/* Begin XCSwiftPackageProductDependency section */
		F5B165722E90A77500D0E7D9 /* FirebaseAI */ = {
			isa = XCSwiftPackageProductDependency;
			package = F5B165592E907C3700D0E7D9 /* XCRemoteSwiftPackageReference "firebase-ios-sdk" */;
			productName = FirebaseAI;
		};
		F5B165742E90A77500D0E7D9 /* FirebaseAnalytics */ = {
			isa = XCSwiftPackageProductDependency;
			package = F5B165592E907C3700D0E7D9 /* XCRemoteSwiftPackageReference "firebase-ios-sdk" */;
			productName = FirebaseAnalytics;
		};
		F5B165762E90A77500D0E7D9 /* FirebaseAuth */ = {
			isa = XCSwiftPackageProductDependency;
			package = F5B165592E907C3700D0E7D9 /* XCRemoteSwiftPackageReference "firebase-ios-sdk" */;
			productName = FirebaseAuth;
		};
		F5B165782E90A77500D0E7D9 /* FirebaseCore */ = {
			isa = XCSwiftPackageProductDependency;
			package = F5B165592E907C3700D0E7D9 /* XCRemoteSwiftPackageReference "firebase-ios-sdk" */;
			productName = FirebaseCore;
		};
		F5B1657A2E90A77500D0E7D9 /* FirebaseDatabase */ = {
			isa = XCSwiftPackageProductDependency;
			package = F5B165592E907C3700D0E7D9 /* XCRemoteSwiftPackageReference "firebase-ios-sdk" */;
			productName = FirebaseDatabase;
		};
		F5B1657C2E90A77500D0E7D9 /* FirebaseFirestore */ = {
			isa = XCSwiftPackageProductDependency;
			package = F5B165592E907C3700D0E7D9 /* XCRemoteSwiftPackageReference "firebase-ios-sdk" */;
			productName = FirebaseFirestore;
		};
		F5B1657E2E90A96200D0E7D9 /* FirebaseAnalyticsCore */ = {
			isa = XCSwiftPackageProductDependency;
			package = F5B165592E907C3700D0E7D9 /* XCRemoteSwiftPackageReference "firebase-ios-sdk" */;
			productName = FirebaseAnalyticsCore;
		};
		F5B165802E90A96200D0E7D9 /* FirebaseAnalyticsIdentitySupport */ = {
			isa = XCSwiftPackageProductDependency;
			package = F5B165592E907C3700D0E7D9 /* XCRemoteSwiftPackageReference "firebase-ios-sdk" */;
			productName = FirebaseAnalyticsIdentitySupport;
		};
		F5B165822E90A96200D0E7D9 /* FirebaseAppCheck */ = {
			isa = XCSwiftPackageProductDependency;
			package = F5B165592E907C3700D0E7D9 /* XCRemoteSwiftPackageReference "firebase-ios-sdk" */;
			productName = FirebaseAppCheck;
		};
		F5B165842E90A96200D0E7D9 /* FirebaseAppDistribution-Beta */ = {
			isa = XCSwiftPackageProductDependency;
			package = F5B165592E907C3700D0E7D9 /* XCRemoteSwiftPackageReference "firebase-ios-sdk" */;
			productName = "FirebaseAppDistribution-Beta";
		};
		F5B165862E90A96200D0E7D9 /* FirebaseAuthCombine-Community */ = {
			isa = XCSwiftPackageProductDependency;
			package = F5B165592E907C3700D0E7D9 /* XCRemoteSwiftPackageReference "firebase-ios-sdk" */;
			productName = "FirebaseAuthCombine-Community";
		};
		F5B165882E90A96200D0E7D9 /* FirebaseCrashlytics */ = {
			isa = XCSwiftPackageProductDependency;
			package = F5B165592E907C3700D0E7D9 /* XCRemoteSwiftPackageReference "firebase-ios-sdk" */;
			productName = FirebaseCrashlytics;
		};
		F5B1658A2E90A96200D0E7D9 /* FirebaseFirestoreCombine-Community */ = {
			isa = XCSwiftPackageProductDependency;
			package = F5B165592E907C3700D0E7D9 /* XCRemoteSwiftPackageReference "firebase-ios-sdk" */;
			productName = "FirebaseFirestoreCombine-Community";
		};
		F5B1658C2E90A96200D0E7D9 /* FirebaseFunctions */ = {
			isa = XCSwiftPackageProductDependency;
			package = F5B165592E907C3700D0E7D9 /* XCRemoteSwiftPackageReference "firebase-ios-sdk" */;
			productName = FirebaseFunctions;
		};
		F5B1658E2E90A96200D0E7D9 /* FirebaseFunctionsCombine-Community */ = {
			isa = XCSwiftPackageProductDependency;
			package = F5B165592E907C3700D0E7D9 /* XCRemoteSwiftPackageReference "firebase-ios-sdk" */;
			productName = "FirebaseFunctionsCombine-Community";
		};
		F5B165902E90A96200D0E7D9 /* FirebaseInAppMessaging-Beta */ = {
			isa = XCSwiftPackageProductDependency;
			package = F5B165592E907C3700D0E7D9 /* XCRemoteSwiftPackageReference "firebase-ios-sdk" */;
			productName = "FirebaseInAppMessaging-Beta";
		};
		F5B165922E90A96200D0E7D9 /* FirebaseInstallations */ = {
			isa = XCSwiftPackageProductDependency;
			package = F5B165592E907C3700D0E7D9 /* XCRemoteSwiftPackageReference "firebase-ios-sdk" */;
			productName = FirebaseInstallations;
		};
		F5B165942E90A96200D0E7D9 /* FirebaseMLModelDownloader */ = {
			isa = XCSwiftPackageProductDependency;
			package = F5B165592E907C3700D0E7D9 /* XCRemoteSwiftPackageReference "firebase-ios-sdk" */;
			productName = FirebaseMLModelDownloader;
		};
		F5B165962E90A96200D0E7D9 /* FirebaseMessaging */ = {
			isa = XCSwiftPackageProductDependency;
			package = F5B165592E907C3700D0E7D9 /* XCRemoteSwiftPackageReference "firebase-ios-sdk" */;
			productName = FirebaseMessaging;
		};
		F5B165982E90A96200D0E7D9 /* FirebasePerformance */ = {
			isa = XCSwiftPackageProductDependency;
			package = F5B165592E907C3700D0E7D9 /* XCRemoteSwiftPackageReference "firebase-ios-sdk" */;
			productName = FirebasePerformance;
		};
		F5B1659A2E90A96200D0E7D9 /* FirebaseRemoteConfig */ = {
			isa = XCSwiftPackageProductDependency;
			package = F5B165592E907C3700D0E7D9 /* XCRemoteSwiftPackageReference "firebase-ios-sdk" */;
			productName = FirebaseRemoteConfig;
		};
		F5B1659C2E90A96200D0E7D9 /* FirebaseStorage */ = {
			isa = XCSwiftPackageProductDependency;
			package = F5B165592E907C3700D0E7D9 /* XCRemoteSwiftPackageReference "firebase-ios-sdk" */;
			productName = FirebaseStorage;
		};
		F5B1659E2E90A96200D0E7D9 /* FirebaseStorageCombine-Community */ = {
			isa = XCSwiftPackageProductDependency;
			package = F5B165592E907C3700D0E7D9 /* XCRemoteSwiftPackageReference "firebase-ios-sdk" */;
			productName = "FirebaseStorageCombine-Community";
		};
/* End XCSwiftPackageProductDependency section */
	};
	rootObject = F54498AF2E903DF000FFBE7E /* Project object */;
}
